PODS:
  - Alamofire (5.4.3)
  - BottomPopup (0.7.0)
  - Charts (3.6.0):
    - Charts/Core (= 3.6.0)
  - Charts/Core (3.6.0)
  - DateTimePicker (2.5.3)
  - DropDown (2.3.13)
  - Firebase/Core (8.6.1):
    - Firebase/CoreOnly
    - FirebaseAnalytics (~> 8.6.0)
  - Firebase/CoreOnly (8.6.1):
    - FirebaseCore (= 8.6.1)
  - Firebase/Messaging (8.6.1):
    - Firebase/CoreOnly
    - FirebaseMessaging (~> 8.6.0)
  - FirebaseAnalytics (8.6.0):
    - FirebaseAnalytics/AdIdSupport (= 8.6.0)
    - FirebaseCore (~> 8.0)
    - FirebaseInstallations (~> 8.0)
    - GoogleUtilities/AppDelegateSwizzler (~> 7.4)
    - GoogleUtilities/MethodSwizzler (~> 7.4)
    - GoogleUtilities/Network (~> 7.4)
    - "GoogleUtilities/NSData+zlib (~> 7.4)"
    - nanopb (~> 2.30908.0)
  - FirebaseAnalytics/AdIdSupport (8.6.0):
    - FirebaseCore (~> 8.0)
    - FirebaseInstallations (~> 8.0)
    - GoogleAppMeasurement (= 8.6.0)
    - GoogleUtilities/AppDelegateSwizzler (~> 7.4)
    - GoogleUtilities/MethodSwizzler (~> 7.4)
    - GoogleUtilities/Network (~> 7.4)
    - "GoogleUtilities/NSData+zlib (~> 7.4)"
    - nanopb (~> 2.30908.0)
  - FirebaseCore (8.6.1):
    - FirebaseCoreDiagnostics (~> 8.0)
    - GoogleUtilities/Environment (~> 7.4)
    - GoogleUtilities/Logger (~> 7.4)
  - FirebaseCoreDiagnostics (8.6.0):
    - GoogleDataTransport (~> 9.0)
    - GoogleUtilities/Environment (~> 7.4)
    - GoogleUtilities/Logger (~> 7.4)
    - nanopb (~> 2.30908.0)
  - FirebaseInstallations (8.6.0):
    - FirebaseCore (~> 8.0)
    - GoogleUtilities/Environment (~> 7.4)
    - GoogleUtilities/UserDefaults (~> 7.4)
    - PromisesObjC (< 3.0, >= 1.2)
  - FirebaseMessaging (8.6.0):
    - FirebaseCore (~> 8.0)
    - FirebaseInstallations (~> 8.0)
    - GoogleDataTransport (~> 9.0)
    - GoogleUtilities/AppDelegateSwizzler (~> 7.4)
    - GoogleUtilities/Environment (~> 7.4)
    - GoogleUtilities/Reachability (~> 7.4)
    - GoogleUtilities/UserDefaults (~> 7.4)
    - nanopb (~> 2.30908.0)
  - FSCalendar (2.8.2)
  - GoogleAppMeasurement (8.6.0):
    - GoogleAppMeasurement/AdIdSupport (= 8.6.0)
    - GoogleUtilities/AppDelegateSwizzler (~> 7.4)
    - GoogleUtilities/MethodSwizzler (~> 7.4)
    - GoogleUtilities/Network (~> 7.4)
    - "GoogleUtilities/NSData+zlib (~> 7.4)"
    - nanopb (~> 2.30908.0)
  - GoogleAppMeasurement/AdIdSupport (8.6.0):
    - GoogleUtilities/AppDelegateSwizzler (~> 7.4)
    - GoogleUtilities/MethodSwizzler (~> 7.4)
    - GoogleUtilities/Network (~> 7.4)
    - "GoogleUtilities/NSData+zlib (~> 7.4)"
    - nanopb (~> 2.30908.0)
  - GoogleDataTransport (9.1.0):
    - GoogleUtilities/Environment (~> 7.2)
    - nanopb (~> 2.30908.0)
    - PromisesObjC (< 3.0, >= 1.2)
  - GoogleMaps (5.1.0):
    - GoogleMaps/Maps (= 5.1.0)
  - GoogleMaps/Base (5.1.0)
  - GoogleMaps/Maps (5.1.0):
    - GoogleMaps/Base
  - GoogleUtilities/AppDelegateSwizzler (7.5.2):
    - GoogleUtilities/Environment
    - GoogleUtilities/Logger
    - GoogleUtilities/Network
  - GoogleUtilities/Environment (7.5.2):
    - PromisesObjC (< 3.0, >= 1.2)
  - GoogleUtilities/Logger (7.5.2):
    - GoogleUtilities/Environment
  - GoogleUtilities/MethodSwizzler (7.5.2):
    - GoogleUtilities/Logger
  - GoogleUtilities/Network (7.5.2):
    - GoogleUtilities/Logger
    - "GoogleUtilities/NSData+zlib"
    - GoogleUtilities/Reachability
  - "GoogleUtilities/NSData+zlib (7.5.2)"
  - GoogleUtilities/Reachability (7.5.2):
    - GoogleUtilities/Logger
  - GoogleUtilities/UserDefaults (7.5.2):
    - GoogleUtilities/Logger
  - HSSearchable (4.2)
  - iOSDropDown (0.3.4)
  - IQKeyboardManager (6.5.6)
  - Malert (4.2)
  - MaterialComponents/AnimationTiming (124.2.0)
  - MaterialComponents/Availability (124.2.0)
  - MaterialComponents/private/Math (124.2.0)
  - "MaterialComponents/private/TextControlsPrivate+BaseStyle (124.2.0)":
    - MaterialComponents/AnimationTiming
    - MaterialComponents/private/Math
    - "MaterialComponents/private/TextControlsPrivate+Shared"
  - "MaterialComponents/private/TextControlsPrivate+FilledStyle (124.2.0)":
    - MaterialComponents/AnimationTiming
    - MaterialComponents/Availability
    - MaterialComponents/private/Math
    - "MaterialComponents/private/TextControlsPrivate+Shared"
    - "MaterialComponents/private/TextControlsPrivate+UnderlinedStyle"
  - "MaterialComponents/private/TextControlsPrivate+OutlinedStyle (124.2.0)":
    - MaterialComponents/AnimationTiming
    - MaterialComponents/Availability
    - MaterialComponents/private/Math
    - "MaterialComponents/private/TextControlsPrivate+Shared"
  - "MaterialComponents/private/TextControlsPrivate+Shared (124.2.0)":
    - MaterialComponents/AnimationTiming
    - MaterialComponents/private/Math
    - "MaterialComponents/TextControls+Enums"
  - "MaterialComponents/private/TextControlsPrivate+TextFields (124.2.0)":
    - MaterialComponents/private/Math
    - "MaterialComponents/private/TextControlsPrivate+Shared"
  - "MaterialComponents/private/TextControlsPrivate+UnderlinedStyle (124.2.0)":
    - MaterialComponents/AnimationTiming
    - MaterialComponents/Availability
    - MaterialComponents/private/Math
    - "MaterialComponents/private/TextControlsPrivate+Shared"
  - "MaterialComponents/TextControls+BaseTextAreas (124.2.0)":
    - "MaterialComponents/private/TextControlsPrivate+BaseStyle"
    - "MaterialComponents/private/TextControlsPrivate+Shared"
    - MDFInternationalization
  - "MaterialComponents/TextControls+BaseTextFields (124.2.0)":
    - "MaterialComponents/private/TextControlsPrivate+BaseStyle"
    - "MaterialComponents/private/TextControlsPrivate+Shared"
    - "MaterialComponents/private/TextControlsPrivate+TextFields"
    - MDFInternationalization
  - "MaterialComponents/TextControls+Enums (124.2.0)"
  - "MaterialComponents/TextControls+FilledTextAreas (124.2.0)":
    - MaterialComponents/Availability
    - "MaterialComponents/private/TextControlsPrivate+FilledStyle"
    - "MaterialComponents/TextControls+BaseTextAreas"
  - "MaterialComponents/TextControls+FilledTextFields (124.2.0)":
    - MaterialComponents/Availability
    - "MaterialComponents/private/TextControlsPrivate+FilledStyle"
    - "MaterialComponents/TextControls+BaseTextFields"
  - "MaterialComponents/TextControls+OutlinedTextAreas (124.2.0)":
    - MaterialComponents/Availability
    - "MaterialComponents/private/TextControlsPrivate+OutlinedStyle"
    - "MaterialComponents/TextControls+BaseTextAreas"
  - "MaterialComponents/TextControls+OutlinedTextFields (124.2.0)":
    - MaterialComponents/Availability
    - "MaterialComponents/private/TextControlsPrivate+OutlinedStyle"
    - "MaterialComponents/TextControls+BaseTextFields"
  - MDFInternationalization (3.0.0)
  - Moya/Core (14.0.0):
    - Alamofire (~> 5.0)
  - Moya/RxSwift (14.0.0):
    - Moya/Core
    - RxSwift (~> 5.0)
  - nanopb (2.30908.0):
    - nanopb/decode (= 2.30908.0)
    - nanopb/encode (= 2.30908.0)
  - nanopb/decode (2.30908.0)
  - nanopb/encode (2.30908.0)
  - PromisesObjC (2.0.0)
  - ReachabilitySwift (5.0.0)
  - RxCocoa (5.1.3):
    - RxRelay (~> 5)
    - RxSwift (~> 5)
  - RxRelay (5.1.3):
    - RxSwift (~> 5)
  - RxSwift (5.1.3)
  - SDWebImage (5.11.1):
    - SDWebImage/Core (= 5.11.1)
  - SDWebImage/Core (5.11.1)
  - SideMenu (6.5.0)
  - SteppableSlider (0.1.0):
    - SteppableSlider/Core (= 0.1.0)
  - SteppableSlider/Core (0.1.0)
  - SwiftMessages (9.0.6):
    - SwiftMessages/App (= 9.0.6)
  - SwiftMessages/App (9.0.6)
  - SwiftPullToRefresh (3.1.1)
  - TwilioChatClient (5.0.1)
  - TwilioVideo (5.1.0)
  - TwilioVoice (6.3.0)
  - XLPagerTabStrip (9.0.0)

DEPENDENCIES:
  - BottomPopup
  - Charts
  - DateTimePicker
  - DropDown
  - Firebase/Core
  - Firebase/Messaging
  - FSCalendar
  - GoogleMaps
  - HSSearchable
  - iOSDropDown
  - IQKeyboardManager
  - Malert
  - "MaterialComponents/TextControls+FilledTextAreas"
  - "MaterialComponents/TextControls+FilledTextFields"
  - "MaterialComponents/TextControls+OutlinedTextAreas"
  - "MaterialComponents/TextControls+OutlinedTextFields"
  - Moya/RxSwift (~> 14.0)
  - ReachabilitySwift
  - RxCocoa (~> 5)
  - RxSwift (~> 5)
  - SDWebImage
  - SideMenu
  - SteppableSlider
  - SwiftMessages
  - SwiftPullToRefresh
  - TwilioChatClient
  - TwilioVideo (~> 5)
  - TwilioVoice (~> 6.3.0)
  - XLPagerTabStrip (~> 9.0)

SPEC REPOS:
  trunk:
    - Alamofire
    - BottomPopup
    - Charts
    - DateTimePicker
    - DropDown
    - Firebase
    - FirebaseAnalytics
    - FirebaseCore
    - FirebaseCoreDiagnostics
    - FirebaseInstallations
    - FirebaseMessaging
    - FSCalendar
    - GoogleAppMeasurement
    - GoogleDataTransport
    - GoogleMaps
    - GoogleUtilities
    - HSSearchable
    - iOSDropDown
    - IQKeyboardManager
    - Malert
    - MaterialComponents
    - MDFInternationalization
    - Moya
    - nanopb
    - PromisesObjC
    - ReachabilitySwift
    - RxCocoa
    - RxRelay
    - RxSwift
    - SDWebImage
    - SideMenu
    - SteppableSlider
    - SwiftMessages
    - SwiftPullToRefresh
    - TwilioChatClient
    - TwilioVideo
    - TwilioVoice
    - XLPagerTabStrip

SPEC CHECKSUMS:
  Alamofire: e447a2774a40c996748296fa2c55112fdbbc42f9
  BottomPopup: fe3e284628532f99093ae68c592c6b9d392c972d
  Charts: b1e3a1f5a1c9ba5394438ca3b91bd8c9076310af
  DateTimePicker: 52701ddf656a50856d3510955933f767cd2c947c
  DropDown: 8a2116376c1981888557f72ec2ffc9a5e0e456ec
  Firebase: e84d95f6d3a91f634abc384f0751c434cb3aecfa
  FirebaseAnalytics: 8f32ae54ad42754f503354782575c4ddfc1425c3
  FirebaseCore: a753c231801f04f5ccd10cc92119ad1b12a61165
  FirebaseCoreDiagnostics: 3721920bde3a9a6d5aa093c1d25e9d3e47f694af
  FirebaseInstallations: 0ede6ffcd215b8f93c19d9b06c1c54e2d4107e98
  FirebaseMessaging: ce0a5ee974f7bfe83b6cc5acce88c2d969e37c41
  FSCalendar: e6a2eb9c571bf0719ed797ef807e08426753c241
  GoogleAppMeasurement: 2c0c6e2a7ab3fe730ade6379f732bdefb46f50b0
  GoogleDataTransport: 85fd18ff3019bb85d3f2c551d04c481dedf71fc9
  GoogleMaps: 086ae1dab659eaa7339bdb30fc88e2f44e7c597c
  GoogleUtilities: 8de2a97a17e15b6b98e38e8770e2d129a57c0040
  HSSearchable: dbc30021c7d85f709eb58d9d25a5c95cdcecbe2b
  iOSDropDown: c10a761f9a00c3f1cc9d3bce43ae504628e2f692
  IQKeyboardManager: 2a6e97afdafc7becf0cb17a9a8d795e3a980717f
  Malert: 4327c2aab8aab459824ebf647195cfb6b5cd06a4
  MaterialComponents: 1a9b2d9d45b1601ae544de85089adc4c464306d4
  MDFInternationalization: d697c55307816222a55685c4ccb1044ffb030c12
  Moya: 5b45dacb75adb009f97fde91c204c1e565d31916
  nanopb: a0ba3315591a9ae0a16a309ee504766e90db0c96
  PromisesObjC: 68159ce6952d93e17b2dfe273b8c40907db5ba58
  ReachabilitySwift: 985039c6f7b23a1da463388634119492ff86c825
  RxCocoa: e2ed092d5432e4296aa818021d27de4090ac0354
  RxRelay: 5a18c2eb2d68326ebaf0112f80d837ae41b92b97
  RxSwift: 915abbdfb62214aa89ccd0b194d44fb478019b27
  SDWebImage: a7f831e1a65eb5e285e3fb046a23fcfbf08e696d
  SideMenu: f583187d21c5b1dd04c72002be544b555a2627a2
  SteppableSlider: 298a795befede08e4a558417fe566d7852b272a6
  SwiftMessages: f0c7ef4705a570ad6c5e208b611f4333e660ed92
  SwiftPullToRefresh: f61d67439c5b8d66420fe57193cab8c279398e7a
  TwilioChatClient: 2a915858c972075108da2fd5fc382f237b1490cc
  TwilioVideo: 6c5322304f5705b6ebb6cbdc22c42148cb93ee1d
  TwilioVoice: 6b1d796dcdec4ec6e6d2165bc66a266db1d2d93f
  XLPagerTabStrip: 61c57fd61f611ee5f01ff1495ad6fbee8bf496c5

PODFILE CHECKSUM: 8e90c79530ba8a161a8eedb4f1d83a4c53d9a539

COCOAPODS: 1.11.3
